{
  "name": "@urizen/express-cli",
  "version": "2.4.6",
  "lockfileVersion": 3,
  "requires": true,
  "packages": {
    "": {
      "name": "@urizen/express-cli",
      "version": "2.4.6",
      "hasInstallScript": true,
      "license": "MIT",
      "bin": {
        "express": "bin/linux"
      }
    }
  }
}
